
Microsoft Visual Studio Solution File, Format Version 12.00
# Visual Studio Version 17
VisualStudioVersion = 17.14.36202.13
MinimumVisualStudioVersion = 10.0.40219.1
Project("{FAE04EC0-301F-11D3-BF4B-00C04F79EFBC}") = "DesignPattern", "DesignPattern.csproj", "{62987482-A5DF-4074-9D06-505107D80D48}"
	ProjectSection(ProjectDependencies) = postProject
		{9DAA3A8A-4F69-4E4F-9DB8-9B95B223441C} = {9DAA3A8A-4F69-4E4F-9DB8-9B95B223441C}
	EndProjectSection
EndProject
Project("{FAE04EC0-301F-11D3-BF4B-00C04F79EFBC}") = "APIProject", "..\APIProject\APIProject.csproj", "{9DAA3A8A-4F69-4E4F-9DB8-9B95B223441C}"
EndProject
Project("{FAE04EC0-301F-11D3-BF4B-00C04F79EFBC}") = "Application", "..\Application\Application.csproj", "{47F809EB-9665-4FA6-9592-CF0190767750}"
EndProject
Project("{FAE04EC0-301F-11D3-BF4B-00C04F79EFBC}") = "Infrastructure", "..\Infrastructure\Infrastructure.csproj", "{3E52F222-2B4C-4834-86A7-026C85DDCEEC}"
EndProject
Project("{FAE04EC0-301F-11D3-BF4B-00C04F79EFBC}") = "Domain", "..\Domain\Domain.csproj", "{073BD3D9-37F6-4219-9FA7-CA25E0D2025A}"
EndProject
Project("{FAE04EC0-301F-11D3-BF4B-00C04F79EFBC}") = "LeetCodeProblems", "..\LeetCodeProblems\LeetCodeProblems.csproj", "{1E6E7082-7F3E-471C-AC4A-C46B9C5D47E7}"
EndProject
Project("{FAE04EC0-301F-11D3-BF4B-00C04F79EFBC}") = "Redis", "..\Redis\Redis.csproj", "{D7C1D610-A301-4D2C-893C-1969913A701B}"
EndProject
Project("{FAE04EC0-301F-11D3-BF4B-00C04F79EFBC}") = "SMSAuthentication", "..\SMSAuthentication\SMSAuthentication.csproj", "{C4FFEFF1-0FF8-4DF0-9D32-BDE1AFA1C739}"
EndProject
Project("{FAE04EC0-301F-11D3-BF4B-00C04F79EFBC}") = "TestProject1", "..\TestProject1\TestProject1.csproj", "{7E955B26-5534-4914-8016-D369E3AECC41}"
EndProject
Project("{FAE04EC0-301F-11D3-BF4B-00C04F79EFBC}") = "DesignPatternsWithC#", "..\DesignPatternsWithC#\DesignPatternsWithC#.csproj", "{945F6F23-1C88-4636-975F-804A6A3963C2}"
EndProject
Project("{FAE04EC0-301F-11D3-BF4B-00C04F79EFBC}") = "AdvancedCSharp", "..\AdvancedCSharp\AdvancedCSharp.csproj", "{E357041C-926E-4647-99A1-F811A8FBD5E2}"
EndProject
Project("{FAE04EC0-301F-11D3-BF4B-00C04F79EFBC}") = "AdvancedASPNet", "..\AdvancedASPNet\AdvancedASPNet.csproj", "{2B6A884C-A8F7-4D25-B5D3-AE07A0267A24}"
EndProject
Project("{FAE04EC0-301F-11D3-BF4B-00C04F79EFBC}") = "DataStructure", "..\DataStructure\DataStructure.csproj", "{D1088D2A-6843-47B4-A198-31EA84981580}"
EndProject
Project("{FAE04EC0-301F-11D3-BF4B-00C04F79EFBC}") = "Algorithems", "..\Algorithems\Algorithems.csproj", "{C2334899-04E5-4A4E-BB5C-BDCDA6C3241B}"
EndProject
Project("{FAE04EC0-301F-11D3-BF4B-00C04F79EFBC}") = "LINQExamples", "..\LINQExamples\LINQExamples.csproj", "{2B33CBAF-C1F8-432A-99F1-5375AFB91E1C}"
EndProject
Project("{FAE04EC0-301F-11D3-BF4B-00C04F79EFBC}") = "DesignPatternsInCSharp", "..\DesignPatternsInCSharp\DesignPatternsInCSharp.csproj", "{B2F48FF1-752E-46C0-982B-C55882BB09DA}"
EndProject
Project("{FAE04EC0-301F-11D3-BF4B-00C04F79EFBC}") = "ProblemsOfLeetCodes", "..\ProblemsOfLeetCodes\ProblemsOfLeetCodes.csproj", "{22868F61-2C5D-4183-BDD4-0B84E9E01916}"
EndProject
Project("{FAE04EC0-301F-11D3-BF4B-00C04F79EFBC}") = "CSharpAndDesignPattern", "..\CSharpAndDesignPattern\CSharpAndDesignPattern.csproj", "{BCF968FC-93FF-404E-861D-C0AC59B2D816}"
EndProject
Project("{FAE04EC0-301F-11D3-BF4B-00C04F79EFBC}") = "CSharpAndAlgorithem", "..\CSharpAndAlgorithem\CSharpAndAlgorithem.csproj", "{4B8370F0-DCFF-4757-A6A6-7EAC62CEEEBF}"
EndProject
Project("{FAE04EC0-301F-11D3-BF4B-00C04F79EFBC}") = "CSharpAndLeetCode", "..\CSharpAndLeetCode\CSharpAndLeetCode.csproj", "{6A8B258B-C3DF-498C-84CA-2CE9D8A3EAA5}"
EndProject
Project("{FAE04EC0-301F-11D3-BF4B-00C04F79EFBC}") = "DataStructureInCSharp", "..\DataStructureInCSharp\DataStructureInCSharp.csproj", "{C64C3306-7054-4C1A-B7C6-A854F655B8DB}"
EndProject
Project("{FAE04EC0-301F-11D3-BF4B-00C04F79EFBC}") = "RefactoringGuru", "..\RefactoringGuru\RefactoringGuru.csproj", "{65AB0B2C-2F14-495B-9FD6-72EFDA3A4F89}"
EndProject
Project("{FAE04EC0-301F-11D3-BF4B-00C04F79EFBC}") = "APIProjects", "..\APIProjects\APIProjects.csproj", "{06963CBC-0841-4DBE-B8CF-D0380B2216D1}"
EndProject
Project("{FAE04EC0-301F-11D3-BF4B-00C04F79EFBC}") = "ReflectionProblems", "..\ReflectionProblems\ReflectionProblems.csproj", "{8A7F19DD-A797-4E98-9072-75B93B21FD58}"
EndProject
Project("{FAE04EC0-301F-11D3-BF4B-00C04F79EFBC}") = "ReflectionIntefaces", "..\ReflectionIntefaces\ReflectionIntefaces.csproj", "{C5F27D0E-011F-428B-9FF3-A2FB40D19488}"
EndProject
Project("{FAE04EC0-301F-11D3-BF4B-00C04F79EFBC}") = "ReflectionsInCSharp1", "..\ReflectionsInCSharp1\ReflectionsInCSharp1.csproj", "{9EEA2032-C853-4899-B9D0-1856883C9753}"
EndProject
Project("{FAE04EC0-301F-11D3-BF4B-00C04F79EFBC}") = "SolvingProblemWithCSharp", "..\SolvingProblemWithCSharp\SolvingProblemWithCSharp.csproj", "{A5E441D9-4B6D-4F3C-A1CB-E66ABEE3D5C5}"
EndProject
Project("{FAE04EC0-301F-11D3-BF4B-00C04F79EFBC}") = "Middlewares", "..\Middlewares\Middlewares.csproj", "{91C71CC0-D968-43DF-B7DA-9645193527C2}"
EndProject
Project("{FAE04EC0-301F-11D3-BF4B-00C04F79EFBC}") = "LINQProblemsInCSharp", "..\LINQProblemsInCSharp\LINQProblemsInCSharp.csproj", "{9796C637-594A-4AFC-84EF-2BE0013C6B0E}"
EndProject
Project("{FAE04EC0-301F-11D3-BF4B-00C04F79EFBC}") = "ReflectionsInCSharp", "..\ReflectionsInCSharp\ReflectionsInCSharp.csproj", "{CCEFCB27-1C85-45E6-9A7C-1E82B3EC9EFC}"
EndProject
Project("{FAE04EC0-301F-11D3-BF4B-00C04F79EFBC}") = "LINQProblems", "..\LINQProblems\LINQProblems.csproj", "{20E97B4D-307C-4A53-B11D-16DE1063112B}"
EndProject
Project("{FAE04EC0-301F-11D3-BF4B-00C04F79EFBC}") = "FiftyProjectsInCSharp", "..\FiftyProjectsInCSharp\FiftyProjectsInCSharp.csproj", "{6E6F6261-23E3-4AF7-9DD4-1AFE89F2B940}"
EndProject
Project("{FAE04EC0-301F-11D3-BF4B-00C04F79EFBC}") = "TestBlazor", "..\TestBlazor\TestBlazor.csproj", "{875F223F-847A-44DB-9D99-016CC6CC247B}"
EndProject
Global
	GlobalSection(SolutionConfigurationPlatforms) = preSolution
		Debug|Any CPU = Debug|Any CPU
		Release|Any CPU = Release|Any CPU
	EndGlobalSection
	GlobalSection(ProjectConfigurationPlatforms) = postSolution
		{62987482-A5DF-4074-9D06-505107D80D48}.Debug|Any CPU.ActiveCfg = Debug|Any CPU
		{62987482-A5DF-4074-9D06-505107D80D48}.Debug|Any CPU.Build.0 = Debug|Any CPU
		{62987482-A5DF-4074-9D06-505107D80D48}.Release|Any CPU.ActiveCfg = Release|Any CPU
		{62987482-A5DF-4074-9D06-505107D80D48}.Release|Any CPU.Build.0 = Release|Any CPU
		{9DAA3A8A-4F69-4E4F-9DB8-9B95B223441C}.Debug|Any CPU.ActiveCfg = Debug|Any CPU
		{9DAA3A8A-4F69-4E4F-9DB8-9B95B223441C}.Debug|Any CPU.Build.0 = Debug|Any CPU
		{9DAA3A8A-4F69-4E4F-9DB8-9B95B223441C}.Release|Any CPU.ActiveCfg = Release|Any CPU
		{9DAA3A8A-4F69-4E4F-9DB8-9B95B223441C}.Release|Any CPU.Build.0 = Release|Any CPU
		{47F809EB-9665-4FA6-9592-CF0190767750}.Debug|Any CPU.ActiveCfg = Debug|Any CPU
		{47F809EB-9665-4FA6-9592-CF0190767750}.Debug|Any CPU.Build.0 = Debug|Any CPU
		{47F809EB-9665-4FA6-9592-CF0190767750}.Release|Any CPU.ActiveCfg = Release|Any CPU
		{47F809EB-9665-4FA6-9592-CF0190767750}.Release|Any CPU.Build.0 = Release|Any CPU
		{3E52F222-2B4C-4834-86A7-026C85DDCEEC}.Debug|Any CPU.ActiveCfg = Debug|Any CPU
		{3E52F222-2B4C-4834-86A7-026C85DDCEEC}.Debug|Any CPU.Build.0 = Debug|Any CPU
		{3E52F222-2B4C-4834-86A7-026C85DDCEEC}.Release|Any CPU.ActiveCfg = Release|Any CPU
		{3E52F222-2B4C-4834-86A7-026C85DDCEEC}.Release|Any CPU.Build.0 = Release|Any CPU
		{073BD3D9-37F6-4219-9FA7-CA25E0D2025A}.Debug|Any CPU.ActiveCfg = Debug|Any CPU
		{073BD3D9-37F6-4219-9FA7-CA25E0D2025A}.Debug|Any CPU.Build.0 = Debug|Any CPU
		{073BD3D9-37F6-4219-9FA7-CA25E0D2025A}.Release|Any CPU.ActiveCfg = Release|Any CPU
		{073BD3D9-37F6-4219-9FA7-CA25E0D2025A}.Release|Any CPU.Build.0 = Release|Any CPU
		{1E6E7082-7F3E-471C-AC4A-C46B9C5D47E7}.Debug|Any CPU.ActiveCfg = Debug|Any CPU
		{1E6E7082-7F3E-471C-AC4A-C46B9C5D47E7}.Debug|Any CPU.Build.0 = Debug|Any CPU
		{1E6E7082-7F3E-471C-AC4A-C46B9C5D47E7}.Release|Any CPU.ActiveCfg = Release|Any CPU
		{1E6E7082-7F3E-471C-AC4A-C46B9C5D47E7}.Release|Any CPU.Build.0 = Release|Any CPU
		{D7C1D610-A301-4D2C-893C-1969913A701B}.Debug|Any CPU.ActiveCfg = Debug|Any CPU
		{D7C1D610-A301-4D2C-893C-1969913A701B}.Debug|Any CPU.Build.0 = Debug|Any CPU
		{D7C1D610-A301-4D2C-893C-1969913A701B}.Release|Any CPU.ActiveCfg = Release|Any CPU
		{D7C1D610-A301-4D2C-893C-1969913A701B}.Release|Any CPU.Build.0 = Release|Any CPU
		{C4FFEFF1-0FF8-4DF0-9D32-BDE1AFA1C739}.Debug|Any CPU.ActiveCfg = Debug|Any CPU
		{C4FFEFF1-0FF8-4DF0-9D32-BDE1AFA1C739}.Debug|Any CPU.Build.0 = Debug|Any CPU
		{C4FFEFF1-0FF8-4DF0-9D32-BDE1AFA1C739}.Release|Any CPU.ActiveCfg = Release|Any CPU
		{C4FFEFF1-0FF8-4DF0-9D32-BDE1AFA1C739}.Release|Any CPU.Build.0 = Release|Any CPU
		{7E955B26-5534-4914-8016-D369E3AECC41}.Debug|Any CPU.ActiveCfg = Debug|Any CPU
		{7E955B26-5534-4914-8016-D369E3AECC41}.Debug|Any CPU.Build.0 = Debug|Any CPU
		{7E955B26-5534-4914-8016-D369E3AECC41}.Release|Any CPU.ActiveCfg = Release|Any CPU
		{7E955B26-5534-4914-8016-D369E3AECC41}.Release|Any CPU.Build.0 = Release|Any CPU
		{945F6F23-1C88-4636-975F-804A6A3963C2}.Debug|Any CPU.ActiveCfg = Debug|Any CPU
		{945F6F23-1C88-4636-975F-804A6A3963C2}.Debug|Any CPU.Build.0 = Debug|Any CPU
		{945F6F23-1C88-4636-975F-804A6A3963C2}.Release|Any CPU.ActiveCfg = Release|Any CPU
		{945F6F23-1C88-4636-975F-804A6A3963C2}.Release|Any CPU.Build.0 = Release|Any CPU
		{E357041C-926E-4647-99A1-F811A8FBD5E2}.Debug|Any CPU.ActiveCfg = Debug|Any CPU
		{E357041C-926E-4647-99A1-F811A8FBD5E2}.Debug|Any CPU.Build.0 = Debug|Any CPU
		{E357041C-926E-4647-99A1-F811A8FBD5E2}.Release|Any CPU.ActiveCfg = Release|Any CPU
		{E357041C-926E-4647-99A1-F811A8FBD5E2}.Release|Any CPU.Build.0 = Release|Any CPU
		{2B6A884C-A8F7-4D25-B5D3-AE07A0267A24}.Debug|Any CPU.ActiveCfg = Debug|Any CPU
		{2B6A884C-A8F7-4D25-B5D3-AE07A0267A24}.Debug|Any CPU.Build.0 = Debug|Any CPU
		{2B6A884C-A8F7-4D25-B5D3-AE07A0267A24}.Release|Any CPU.ActiveCfg = Release|Any CPU
		{2B6A884C-A8F7-4D25-B5D3-AE07A0267A24}.Release|Any CPU.Build.0 = Release|Any CPU
		{D1088D2A-6843-47B4-A198-31EA84981580}.Debug|Any CPU.ActiveCfg = Debug|Any CPU
		{D1088D2A-6843-47B4-A198-31EA84981580}.Debug|Any CPU.Build.0 = Debug|Any CPU
		{D1088D2A-6843-47B4-A198-31EA84981580}.Release|Any CPU.ActiveCfg = Release|Any CPU
		{D1088D2A-6843-47B4-A198-31EA84981580}.Release|Any CPU.Build.0 = Release|Any CPU
		{C2334899-04E5-4A4E-BB5C-BDCDA6C3241B}.Debug|Any CPU.ActiveCfg = Debug|Any CPU
		{C2334899-04E5-4A4E-BB5C-BDCDA6C3241B}.Debug|Any CPU.Build.0 = Debug|Any CPU
		{C2334899-04E5-4A4E-BB5C-BDCDA6C3241B}.Release|Any CPU.ActiveCfg = Release|Any CPU
		{C2334899-04E5-4A4E-BB5C-BDCDA6C3241B}.Release|Any CPU.Build.0 = Release|Any CPU
		{2B33CBAF-C1F8-432A-99F1-5375AFB91E1C}.Debug|Any CPU.ActiveCfg = Debug|Any CPU
		{2B33CBAF-C1F8-432A-99F1-5375AFB91E1C}.Debug|Any CPU.Build.0 = Debug|Any CPU
		{2B33CBAF-C1F8-432A-99F1-5375AFB91E1C}.Release|Any CPU.ActiveCfg = Release|Any CPU
		{2B33CBAF-C1F8-432A-99F1-5375AFB91E1C}.Release|Any CPU.Build.0 = Release|Any CPU
		{B2F48FF1-752E-46C0-982B-C55882BB09DA}.Debug|Any CPU.ActiveCfg = Debug|Any CPU
		{B2F48FF1-752E-46C0-982B-C55882BB09DA}.Debug|Any CPU.Build.0 = Debug|Any CPU
		{B2F48FF1-752E-46C0-982B-C55882BB09DA}.Release|Any CPU.ActiveCfg = Release|Any CPU
		{B2F48FF1-752E-46C0-982B-C55882BB09DA}.Release|Any CPU.Build.0 = Release|Any CPU
		{22868F61-2C5D-4183-BDD4-0B84E9E01916}.Debug|Any CPU.ActiveCfg = Debug|Any CPU
		{22868F61-2C5D-4183-BDD4-0B84E9E01916}.Debug|Any CPU.Build.0 = Debug|Any CPU
		{22868F61-2C5D-4183-BDD4-0B84E9E01916}.Release|Any CPU.ActiveCfg = Release|Any CPU
		{22868F61-2C5D-4183-BDD4-0B84E9E01916}.Release|Any CPU.Build.0 = Release|Any CPU
		{BCF968FC-93FF-404E-861D-C0AC59B2D816}.Debug|Any CPU.ActiveCfg = Debug|Any CPU
		{BCF968FC-93FF-404E-861D-C0AC59B2D816}.Debug|Any CPU.Build.0 = Debug|Any CPU
		{BCF968FC-93FF-404E-861D-C0AC59B2D816}.Release|Any CPU.ActiveCfg = Release|Any CPU
		{BCF968FC-93FF-404E-861D-C0AC59B2D816}.Release|Any CPU.Build.0 = Release|Any CPU
		{4B8370F0-DCFF-4757-A6A6-7EAC62CEEEBF}.Debug|Any CPU.ActiveCfg = Debug|Any CPU
		{4B8370F0-DCFF-4757-A6A6-7EAC62CEEEBF}.Debug|Any CPU.Build.0 = Debug|Any CPU
		{4B8370F0-DCFF-4757-A6A6-7EAC62CEEEBF}.Release|Any CPU.ActiveCfg = Release|Any CPU
		{4B8370F0-DCFF-4757-A6A6-7EAC62CEEEBF}.Release|Any CPU.Build.0 = Release|Any CPU
		{6A8B258B-C3DF-498C-84CA-2CE9D8A3EAA5}.Debug|Any CPU.ActiveCfg = Debug|Any CPU
		{6A8B258B-C3DF-498C-84CA-2CE9D8A3EAA5}.Debug|Any CPU.Build.0 = Debug|Any CPU
		{6A8B258B-C3DF-498C-84CA-2CE9D8A3EAA5}.Release|Any CPU.ActiveCfg = Release|Any CPU
		{6A8B258B-C3DF-498C-84CA-2CE9D8A3EAA5}.Release|Any CPU.Build.0 = Release|Any CPU
		{C64C3306-7054-4C1A-B7C6-A854F655B8DB}.Debug|Any CPU.ActiveCfg = Debug|Any CPU
		{C64C3306-7054-4C1A-B7C6-A854F655B8DB}.Debug|Any CPU.Build.0 = Debug|Any CPU
		{C64C3306-7054-4C1A-B7C6-A854F655B8DB}.Release|Any CPU.ActiveCfg = Release|Any CPU
		{C64C3306-7054-4C1A-B7C6-A854F655B8DB}.Release|Any CPU.Build.0 = Release|Any CPU
		{65AB0B2C-2F14-495B-9FD6-72EFDA3A4F89}.Debug|Any CPU.ActiveCfg = Debug|Any CPU
		{65AB0B2C-2F14-495B-9FD6-72EFDA3A4F89}.Debug|Any CPU.Build.0 = Debug|Any CPU
		{65AB0B2C-2F14-495B-9FD6-72EFDA3A4F89}.Release|Any CPU.ActiveCfg = Release|Any CPU
		{65AB0B2C-2F14-495B-9FD6-72EFDA3A4F89}.Release|Any CPU.Build.0 = Release|Any CPU
		{06963CBC-0841-4DBE-B8CF-D0380B2216D1}.Debug|Any CPU.ActiveCfg = Debug|Any CPU
		{06963CBC-0841-4DBE-B8CF-D0380B2216D1}.Debug|Any CPU.Build.0 = Debug|Any CPU
		{06963CBC-0841-4DBE-B8CF-D0380B2216D1}.Release|Any CPU.ActiveCfg = Release|Any CPU
		{06963CBC-0841-4DBE-B8CF-D0380B2216D1}.Release|Any CPU.Build.0 = Release|Any CPU
		{8A7F19DD-A797-4E98-9072-75B93B21FD58}.Debug|Any CPU.ActiveCfg = Debug|Any CPU
		{8A7F19DD-A797-4E98-9072-75B93B21FD58}.Debug|Any CPU.Build.0 = Debug|Any CPU
		{8A7F19DD-A797-4E98-9072-75B93B21FD58}.Release|Any CPU.ActiveCfg = Release|Any CPU
		{8A7F19DD-A797-4E98-9072-75B93B21FD58}.Release|Any CPU.Build.0 = Release|Any CPU
		{C5F27D0E-011F-428B-9FF3-A2FB40D19488}.Debug|Any CPU.ActiveCfg = Debug|Any CPU
		{C5F27D0E-011F-428B-9FF3-A2FB40D19488}.Debug|Any CPU.Build.0 = Debug|Any CPU
		{C5F27D0E-011F-428B-9FF3-A2FB40D19488}.Release|Any CPU.ActiveCfg = Release|Any CPU
		{C5F27D0E-011F-428B-9FF3-A2FB40D19488}.Release|Any CPU.Build.0 = Release|Any CPU
		{9EEA2032-C853-4899-B9D0-1856883C9753}.Debug|Any CPU.ActiveCfg = Debug|Any CPU
		{9EEA2032-C853-4899-B9D0-1856883C9753}.Debug|Any CPU.Build.0 = Debug|Any CPU
		{9EEA2032-C853-4899-B9D0-1856883C9753}.Release|Any CPU.ActiveCfg = Release|Any CPU
		{9EEA2032-C853-4899-B9D0-1856883C9753}.Release|Any CPU.Build.0 = Release|Any CPU
		{A5E441D9-4B6D-4F3C-A1CB-E66ABEE3D5C5}.Debug|Any CPU.ActiveCfg = Debug|Any CPU
		{A5E441D9-4B6D-4F3C-A1CB-E66ABEE3D5C5}.Debug|Any CPU.Build.0 = Debug|Any CPU
		{A5E441D9-4B6D-4F3C-A1CB-E66ABEE3D5C5}.Release|Any CPU.ActiveCfg = Release|Any CPU
		{A5E441D9-4B6D-4F3C-A1CB-E66ABEE3D5C5}.Release|Any CPU.Build.0 = Release|Any CPU
		{91C71CC0-D968-43DF-B7DA-9645193527C2}.Debug|Any CPU.ActiveCfg = Debug|Any CPU
		{91C71CC0-D968-43DF-B7DA-9645193527C2}.Debug|Any CPU.Build.0 = Debug|Any CPU
		{91C71CC0-D968-43DF-B7DA-9645193527C2}.Release|Any CPU.ActiveCfg = Release|Any CPU
		{91C71CC0-D968-43DF-B7DA-9645193527C2}.Release|Any CPU.Build.0 = Release|Any CPU
		{9796C637-594A-4AFC-84EF-2BE0013C6B0E}.Debug|Any CPU.ActiveCfg = Debug|Any CPU
		{9796C637-594A-4AFC-84EF-2BE0013C6B0E}.Debug|Any CPU.Build.0 = Debug|Any CPU
		{9796C637-594A-4AFC-84EF-2BE0013C6B0E}.Release|Any CPU.ActiveCfg = Release|Any CPU
		{9796C637-594A-4AFC-84EF-2BE0013C6B0E}.Release|Any CPU.Build.0 = Release|Any CPU
		{CCEFCB27-1C85-45E6-9A7C-1E82B3EC9EFC}.Debug|Any CPU.ActiveCfg = Debug|Any CPU
		{CCEFCB27-1C85-45E6-9A7C-1E82B3EC9EFC}.Debug|Any CPU.Build.0 = Debug|Any CPU
		{CCEFCB27-1C85-45E6-9A7C-1E82B3EC9EFC}.Release|Any CPU.ActiveCfg = Release|Any CPU
		{CCEFCB27-1C85-45E6-9A7C-1E82B3EC9EFC}.Release|Any CPU.Build.0 = Release|Any CPU
		{20E97B4D-307C-4A53-B11D-16DE1063112B}.Debug|Any CPU.ActiveCfg = Debug|Any CPU
		{20E97B4D-307C-4A53-B11D-16DE1063112B}.Debug|Any CPU.Build.0 = Debug|Any CPU
		{20E97B4D-307C-4A53-B11D-16DE1063112B}.Release|Any CPU.ActiveCfg = Release|Any CPU
		{20E97B4D-307C-4A53-B11D-16DE1063112B}.Release|Any CPU.Build.0 = Release|Any CPU
		{6E6F6261-23E3-4AF7-9DD4-1AFE89F2B940}.Debug|Any CPU.ActiveCfg = Debug|Any CPU
		{6E6F6261-23E3-4AF7-9DD4-1AFE89F2B940}.Debug|Any CPU.Build.0 = Debug|Any CPU
		{6E6F6261-23E3-4AF7-9DD4-1AFE89F2B940}.Release|Any CPU.ActiveCfg = Release|Any CPU
		{6E6F6261-23E3-4AF7-9DD4-1AFE89F2B940}.Release|Any CPU.Build.0 = Release|Any CPU
		{875F223F-847A-44DB-9D99-016CC6CC247B}.Debug|Any CPU.ActiveCfg = Debug|Any CPU
		{875F223F-847A-44DB-9D99-016CC6CC247B}.Debug|Any CPU.Build.0 = Debug|Any CPU
		{875F223F-847A-44DB-9D99-016CC6CC247B}.Release|Any CPU.ActiveCfg = Release|Any CPU
		{875F223F-847A-44DB-9D99-016CC6CC247B}.Release|Any CPU.Build.0 = Release|Any CPU
	EndGlobalSection
	GlobalSection(SolutionProperties) = preSolution
		HideSolutionNode = FALSE
	EndGlobalSection
	GlobalSection(ExtensibilityGlobals) = postSolution
		SolutionGuid = {64451AC9-378B-422F-AE06-DA9B955B4EF6}
	EndGlobalSection
EndGlobal
